<?xml version="1.0" encoding="utf-8"?>
<Project ToolsVersion="4.0" xmlns="http://schemas.microsoft.com/developer/msbuild/2003">
  <ItemGroup>
    <Filter Include="Source Files">
      <UniqueIdentifier>{4FC737F1-C7A5-4376-A066-2A32D752A2FF}</UniqueIdentifier>
      <Extensions>cpp;c;cc;cxx;def;odl;idl;hpj;bat;asm;asmx</Extensions>
    </Filter>
    <Filter Include="Header Files">
      <UniqueIdentifier>{93995380-89BD-4b04-88EB-625FBE52EBFB}</UniqueIdentifier>
      <Extensions>h;hh;hpp;hxx;hm;inl;inc;xsd</Extensions>
    </Filter>
    <Filter Include="Resource Files">
      <UniqueIdentifier>{67DA6AB6-F800-4c08-8B7A-83BB121AAD01}</UniqueIdentifier>
      <Extensions>rc;ico;cur;bmp;dlg;rc2;rct;bin;rgs;gif;jpg;jpeg;jpe;resx;tiff;tif;png;wav;mfcribbon-ms</Extensions>
    </Filter>
  </ItemGroup>
  <ItemGroup>
    <ClCompile Include="main.cpp">
      <Filter>Source Files</Filter>
    </ClCompile>
    <ClCompile Include="object.cpp">
      <Filter>Source Files</Filter>
    </ClCompile>
    <ClCompile Include="Text.cpp">
      <Filter>Source Files</Filter>
    </ClCompile>
    <ClCompile Include="gameControl.cpp">
      <Filter>Source Files</Filter>
    </ClCompile>
    <ClCompile Include="baseVariables.cpp">
      <Filter>Source Files</Filter>
    </ClCompile>
    <ClCompile Include="platform.cpp">
      <Filter>Source Files</Filter>
    </ClCompile>
    <ClCompile Include="spikeWheel.cpp">
      <Filter>Source Files</Filter>
    </ClCompile>
    <ClCompile Include="menu.cpp">
      <Filter>Source Files</Filter>
    </ClCompile>
  </ItemGroup>
  <ItemGroup>
    <None Include="Shaders.shader">
      <Filter>Source Files</Filter>
    </None>
  </ItemGroup>
  <ItemGroup>
    <Image Include="font.png">
      <Filter>Resource Files</Filter>
    </Image>
    <Image Include="0.png">
      <Filter>Resource Files</Filter>
    </Image>
    <Image Include="-1.png">
      <Filter>Resource Files</Filter>
    </Image>
    <Image Include="6.png">
      <Filter>Resource Files</Filter>
    </Image>
    <Image Include="7.png">
      <Filter>Resource Files</Filter>
    </Image>
    <Image Include="8.png">
      <Filter>Resource Files</Filter>
    </Image>
    <Image Include="9.png">
      <Filter>Resource Files</Filter>
    </Image>
    <Image Include="10.png">
      <Filter>Resource Files</Filter>
    </Image>
    <Image Include="11.png">
      <Filter>Resource Files</Filter>
    </Image>
    <Image Include="12.png">
      <Filter>Resource Files</Filter>
    </Image>
    <Image Include="1.png">
      <Filter>Resource Files</Filter>
    </Image>
    <Image Include="2.png">
      <Filter>Resource Files</Filter>
    </Image>
    <Image Include="3.png">
      <Filter>Resource Files</Filter>
    </Image>
    <Image Include="4.png">
      <Filter>Resource Files</Filter>
    </Image>
    <Image Include="5.png">
      <Filter>Resource Files</Filter>
    </Image>
    <Image Include="13.png">
      <Filter>Resource Files</Filter>
    </Image>
  </ItemGroup>
  <ItemGroup>
    <ClInclude Include="VERTEX.h">
      <Filter>Header Files</Filter>
    </ClInclude>
    <ClInclude Include="object.h">
      <Filter>Header Files</Filter>
    </ClInclude>
    <ClInclude Include="Text.h">
      <Filter>Header Files</Filter>
    </ClInclude>
    <ClInclude Include="cbPerObj.h">
      <Filter>Header Files</Filter>
    </ClInclude>
    <ClInclude Include="gameControl.h">
      <Filter>Header Files</Filter>
    </ClInclude>
    <ClInclude Include="baseVariables.h">
      <Filter>Header Files</Filter>
    </ClInclude>
    <ClInclude Include="platform.h">
      <Filter>Header Files</Filter>
    </ClInclude>
    <ClInclude Include="Player.h">
      <Filter>Header Files</Filter>
    </ClInclude>
    <ClInclude Include="Door.h">
      <Filter>Header Files</Filter>
    </ClInclude>
    <ClInclude Include="spikeWheel.h">
      <Filter>Header Files</Filter>
    </ClInclude>
    <ClInclude Include="switchButton.h">
      <Filter>Header Files</Filter>
    </ClInclude>
  </ItemGroup>
</Project>